
Microsoft Visual Studio Solution File, Format Version 12.00
# Visual Studio Version 16
VisualStudioVersion = 25.0.1706.10
MinimumVisualStudioVersion = 10.0.40219.1
Project("{FAE04EC0-301F-11D3-BF4B-00C04F79EFBC}") = "MVC_firstApp", "MVC_firstApp\MVC_firstApp.csproj", "{D8649537-D401-4213-8404-3E710FE3271F}"
EndProject
Global
	GlobalSection(SolutionConfigurationPlatforms) = preSolution
		Debug|Any CPU = Debug|Any CPU
		Release|Any CPU = Release|Any CPU
	EndGlobalSection
	GlobalSection(ProjectConfigurationPlatforms) = postSolution
		{D8649537-D401-4213-8404-3E710FE3271F}.Debug|Any CPU.ActiveCfg = Debug|Any CPU
		{D8649537-D401-4213-8404-3E710FE3271F}.Debug|Any CPU.Build.0 = Debug|Any CPU
		{D8649537-D401-4213-8404-3E710FE3271F}.Release|Any CPU.ActiveCfg = Release|Any CPU
		{D8649537-D401-4213-8404-3E710FE3271F}.Release|Any CPU.Build.0 = Release|Any CPU
	EndGlobalSection
	GlobalSection(SolutionProperties) = preSolution
		HideSolutionNode = FALSE
	EndGlobalSection
	GlobalSection(ExtensibilityGlobals) = postSolution
		SolutionGuid = {F0169B7E-8F68-43FF-A981-39524F833EC4}
	EndGlobalSection
EndGlobal
